
Microsoft Visual Studio Solution File, Format Version 12.00
# Visual Studio Version 17
VisualStudioVersion = 17.4.33122.133
MinimumVisualStudioVersion = 10.0.40219.1
Project("{9A19103F-16F7-4668-BE54-9A1E7A4F7556}") = "ProjectManagement", "ProjectManagement\ProjectManagement.csproj", "{D4606602-0990-4728-B5B4-F7DCBAEE1D70}"
EndProject
Project("{9A19103F-16F7-4668-BE54-9A1E7A4F7556}") = "Entities", "Entities\Entities.csproj", "{E97963A9-6129-48BA-828B-EF76F7130B10}"
EndProject
Project("{FAE04EC0-301F-11D3-BF4B-00C04F79EFBC}") = "Contracts", "Contracts\Contracts.csproj", "{642722AA-0DE6-458F-A1F3-F0558B9EA49B}"
EndProject
Project("{FAE04EC0-301F-11D3-BF4B-00C04F79EFBC}") = "LoggerService", "LoggerService\LoggerService.csproj", "{577DFB3A-89CB-4F48-B344-E4144E827785}"
EndProject
Project("{FAE04EC0-301F-11D3-BF4B-00C04F79EFBC}") = "Repository", "Repository\Repository.csproj", "{BCC87D0C-93D9-4C5E-AB1B-98582B10FAE4}"
EndProject
Global
	GlobalSection(SolutionConfigurationPlatforms) = preSolution
		Debug|Any CPU = Debug|Any CPU
		Release|Any CPU = Release|Any CPU
	EndGlobalSection
	GlobalSection(ProjectConfigurationPlatforms) = postSolution
		{D4606602-0990-4728-B5B4-F7DCBAEE1D70}.Debug|Any CPU.ActiveCfg = Debug|Any CPU
		{D4606602-0990-4728-B5B4-F7DCBAEE1D70}.Debug|Any CPU.Build.0 = Debug|Any CPU
		{D4606602-0990-4728-B5B4-F7DCBAEE1D70}.Release|Any CPU.ActiveCfg = Release|Any CPU
		{D4606602-0990-4728-B5B4-F7DCBAEE1D70}.Release|Any CPU.Build.0 = Release|Any CPU
		{E97963A9-6129-48BA-828B-EF76F7130B10}.Debug|Any CPU.ActiveCfg = Debug|Any CPU
		{E97963A9-6129-48BA-828B-EF76F7130B10}.Debug|Any CPU.Build.0 = Debug|Any CPU
		{E97963A9-6129-48BA-828B-EF76F7130B10}.Release|Any CPU.ActiveCfg = Release|Any CPU
		{E97963A9-6129-48BA-828B-EF76F7130B10}.Release|Any CPU.Build.0 = Release|Any CPU
		{642722AA-0DE6-458F-A1F3-F0558B9EA49B}.Debug|Any CPU.ActiveCfg = Debug|Any CPU
		{642722AA-0DE6-458F-A1F3-F0558B9EA49B}.Debug|Any CPU.Build.0 = Debug|Any CPU
		{642722AA-0DE6-458F-A1F3-F0558B9EA49B}.Release|Any CPU.ActiveCfg = Release|Any CPU
		{642722AA-0DE6-458F-A1F3-F0558B9EA49B}.Release|Any CPU.Build.0 = Release|Any CPU
		{577DFB3A-89CB-4F48-B344-E4144E827785}.Debug|Any CPU.ActiveCfg = Debug|Any CPU
		{577DFB3A-89CB-4F48-B344-E4144E827785}.Debug|Any CPU.Build.0 = Debug|Any CPU
		{577DFB3A-89CB-4F48-B344-E4144E827785}.Release|Any CPU.ActiveCfg = Release|Any CPU
		{577DFB3A-89CB-4F48-B344-E4144E827785}.Release|Any CPU.Build.0 = Release|Any CPU
		{BCC87D0C-93D9-4C5E-AB1B-98582B10FAE4}.Debug|Any CPU.ActiveCfg = Debug|Any CPU
		{BCC87D0C-93D9-4C5E-AB1B-98582B10FAE4}.Debug|Any CPU.Build.0 = Debug|Any CPU
		{BCC87D0C-93D9-4C5E-AB1B-98582B10FAE4}.Release|Any CPU.ActiveCfg = Release|Any CPU
		{BCC87D0C-93D9-4C5E-AB1B-98582B10FAE4}.Release|Any CPU.Build.0 = Release|Any CPU
	EndGlobalSection
	GlobalSection(SolutionProperties) = preSolution
		HideSolutionNode = FALSE
	EndGlobalSection
	GlobalSection(ExtensibilityGlobals) = postSolution
		SolutionGuid = {CE8EA0C5-2271-4F05-ADA2-D8980F82A74E}
	EndGlobalSection
EndGlobal
